
Microsoft Visual Studio Solution File, Format Version 12.00
# Visual Studio Version 16
VisualStudioVersion = 16.0.35229.62
MinimumVisualStudioVersion = 10.0.40219.1
Project("{FAE04EC0-301F-11D3-BF4B-00C04F79EFBC}") = "Online Login Paneli", "Online Login Paneli\Online Login Paneli.csproj", "{52D681E6-9D3C-44C0-986F-C4A00B2C91C1}"
EndProject
Project("{FAE04EC0-301F-11D3-BF4B-00C04F79EFBC}") = "Uçak Bilet Rezervazyon", "Uçak Bilet Rezervazyon\Uçak Bilet Rezervazyon.csproj", "{E73BAA20-8563-490C-B232-823F4639974E}"
EndProject
Global
	GlobalSection(SolutionConfigurationPlatforms) = preSolution
		Debug|Any CPU = Debug|Any CPU
		Release|Any CPU = Release|Any CPU
	EndGlobalSection
	GlobalSection(ProjectConfigurationPlatforms) = postSolution
		{52D681E6-9D3C-44C0-986F-C4A00B2C91C1}.Debug|Any CPU.ActiveCfg = Debug|Any CPU
		{52D681E6-9D3C-44C0-986F-C4A00B2C91C1}.Debug|Any CPU.Build.0 = Debug|Any CPU
		{52D681E6-9D3C-44C0-986F-C4A00B2C91C1}.Release|Any CPU.ActiveCfg = Release|Any CPU
		{52D681E6-9D3C-44C0-986F-C4A00B2C91C1}.Release|Any CPU.Build.0 = Release|Any CPU
		{E73BAA20-8563-490C-B232-823F4639974E}.Debug|Any CPU.ActiveCfg = Debug|Any CPU
		{E73BAA20-8563-490C-B232-823F4639974E}.Debug|Any CPU.Build.0 = Debug|Any CPU
		{E73BAA20-8563-490C-B232-823F4639974E}.Release|Any CPU.ActiveCfg = Release|Any CPU
		{E73BAA20-8563-490C-B232-823F4639974E}.Release|Any CPU.Build.0 = Release|Any CPU
	EndGlobalSection
	GlobalSection(SolutionProperties) = preSolution
		HideSolutionNode = FALSE
	EndGlobalSection
	GlobalSection(ExtensibilityGlobals) = postSolution
		SolutionGuid = {3FD25DF1-8804-4F02-B245-435067056504}
	EndGlobalSection
EndGlobal
